// !$*UTF8*$!
{
	archiveVersion = 1;
	classes = {
	};
	objectVersion = 46;
	objects = {

/* Begin PBXBuildFile section */
		956A848E1A2CF7020034DD06 /* AppDelegate.m in Sources */ = {isa = PBXBuildFile; fileRef = 956A848D1A2CF7020034DD06 /* AppDelegate.m */; };
		956A84901A2CF7020034DD06 /* main.m in Sources */ = {isa = PBXBuildFile; fileRef = 956A848F1A2CF7020034DD06 /* main.m */; };
		956A84951A2CF7020034DD06 /* Images.xcassets in Resources */ = {isa = PBXBuildFile; fileRef = 956A84941A2CF7020034DD06 /* Images.xcassets */; };
		956A84981A2CF7020034DD06 /* Main.storyboard in Resources */ = {isa = PBXBuildFile; fileRef = 956A84961A2CF7020034DD06 /* Main.storyboard */; };
		956A84A41A2CF7020034DD06 /* iSeag_MenuIconTests.m in Sources */ = {isa = PBXBuildFile; fileRef = 956A84A31A2CF7020034DD06 /* iSeag_MenuIconTests.m */; };
		9581B52F1A287BCB00DCA4D3 /* AppDelegate.m in Sources */ = {isa = PBXBuildFile; fileRef = 9581B52E1A287BCB00DCA4D3 /* AppDelegate.m */; };
		9581B5311A287BCB00DCA4D3 /* main.m in Sources */ = {isa = PBXBuildFile; fileRef = 9581B5301A287BCB00DCA4D3 /* main.m */; };
		9581B5341A287BCB00DCA4D3 /* AWViewController.m in Sources */ = {isa = PBXBuildFile; fileRef = 9581B5331A287BCB00DCA4D3 /* AWViewController.m */; };
		9581B5361A287BCB00DCA4D3 /* Images.xcassets in Resources */ = {isa = PBXBuildFile; fileRef = 9581B5351A287BCB00DCA4D3 /* Images.xcassets */; };
		9581B5391A287BCB00DCA4D3 /* Main.storyboard in Resources */ = {isa = PBXBuildFile; fileRef = 9581B5371A287BCB00DCA4D3 /* Main.storyboard */; };
		9581B5451A287BCB00DCA4D3 /* aWallTests.m in Sources */ = {isa = PBXBuildFile; fileRef = 9581B5441A287BCB00DCA4D3 /* aWallTests.m */; };
		95BBBEB51A3722C700AB3454 /* IVUDepartureDownloader.m in Sources */ = {isa = PBXBuildFile; fileRef = 95BBBEB41A3722C700AB3454 /* IVUDepartureDownloader.m */; };
		95DA40901A29005B001D1E20 /* DepartureTimeFormatter.m in Sources */ = {isa = PBXBuildFile; fileRef = 95DA408F1A29005B001D1E20 /* DepartureTimeFormatter.m */; };
		95DA40921A2901C1001D1E20 /* DepartureTimeFormatterTests.m in Sources */ = {isa = PBXBuildFile; fileRef = 95DA40911A2901C0001D1E20 /* DepartureTimeFormatterTests.m */; };
		95DA40951A2B403B001D1E20 /* NextDepartureFormatter.m in Sources */ = {isa = PBXBuildFile; fileRef = 95DA40941A2B403B001D1E20 /* NextDepartureFormatter.m */; };
/* End PBXBuildFile section */

/* Begin PBXContainerItemProxy section */
		956A849E1A2CF7020034DD06 /* PBXContainerItemProxy */ = {
			isa = PBXContainerItemProxy;
			containerPortal = 9581B5201A287BCB00DCA4D3 /* Project object */;
			proxyType = 1;
			remoteGlobalIDString = 956A84871A2CF7020034DD06;
			remoteInfo = "iSeag MenuIcon";
		};
		9581B53F1A287BCB00DCA4D3 /* PBXContainerItemProxy */ = {
			isa = PBXContainerItemProxy;
			containerPortal = 9581B5201A287BCB00DCA4D3 /* Project object */;
			proxyType = 1;
			remoteGlobalIDString = 9581B5271A287BCB00DCA4D3;
			remoteInfo = aWall;
		};
/* End PBXContainerItemProxy section */

/* Begin PBXFileReference section */
		956A84881A2CF7020034DD06 /* iSeag MenuIcon.app */ = {isa = PBXFileReference; explicitFileType = wrapper.application; includeInIndex = 0; path = "iSeag MenuIcon.app"; sourceTree = BUILT_PRODUCTS_DIR; };
		956A848B1A2CF7020034DD06 /* Info.plist */ = {isa = PBXFileReference; lastKnownFileType = text.plist.xml; path = Info.plist; sourceTree = "<group>"; };
		956A848C1A2CF7020034DD06 /* AppDelegate.h */ = {isa = PBXFileReference; lastKnownFileType = sourcecode.c.h; path = AppDelegate.h; sourceTree = "<group>"; };
		956A848D1A2CF7020034DD06 /* AppDelegate.m */ = {isa = PBXFileReference; lastKnownFileType = sourcecode.c.objc; path = AppDelegate.m; sourceTree = "<group>"; };
		956A848F1A2CF7020034DD06 /* main.m */ = {isa = PBXFileReference; lastKnownFileType = sourcecode.c.objc; path = main.m; sourceTree = "<group>"; };
		956A84941A2CF7020034DD06 /* Images.xcassets */ = {isa = PBXFileReference; lastKnownFileType = folder.assetcatalog; path = Images.xcassets; sourceTree = "<group>"; };
		956A84971A2CF7020034DD06 /* Base */ = {isa = PBXFileReference; lastKnownFileType = file.storyboard; name = Base; path = Base.lproj/Main.storyboard; sourceTree = "<group>"; };
		956A849D1A2CF7020034DD06 /* iSeag MenuIconTests.xctest */ = {isa = PBXFileReference; explicitFileType = wrapper.cfbundle; includeInIndex = 0; path = "iSeag MenuIconTests.xctest"; sourceTree = BUILT_PRODUCTS_DIR; };
		956A84A21A2CF7020034DD06 /* Info.plist */ = {isa = PBXFileReference; lastKnownFileType = text.plist.xml; path = Info.plist; sourceTree = "<group>"; };
		956A84A31A2CF7020034DD06 /* iSeag_MenuIconTests.m */ = {isa = PBXFileReference; lastKnownFileType = sourcecode.c.objc; path = iSeag_MenuIconTests.m; sourceTree = "<group>"; };
		9581B5281A287BCB00DCA4D3 /* aWall.app */ = {isa = PBXFileReference; explicitFileType = wrapper.application; includeInIndex = 0; path = aWall.app; sourceTree = BUILT_PRODUCTS_DIR; };
		9581B52C1A287BCB00DCA4D3 /* Info.plist */ = {isa = PBXFileReference; lastKnownFileType = text.plist.xml; path = Info.plist; sourceTree = "<group>"; };
		9581B52D1A287BCB00DCA4D3 /* AppDelegate.h */ = {isa = PBXFileReference; lastKnownFileType = sourcecode.c.h; path = AppDelegate.h; sourceTree = "<group>"; };
		9581B52E1A287BCB00DCA4D3 /* AppDelegate.m */ = {isa = PBXFileReference; lastKnownFileType = sourcecode.c.objc; path = AppDelegate.m; sourceTree = "<group>"; };
		9581B5301A287BCB00DCA4D3 /* main.m */ = {isa = PBXFileReference; lastKnownFileType = sourcecode.c.objc; path = main.m; sourceTree = "<group>"; };
		9581B5321A287BCB00DCA4D3 /* AWViewController.h */ = {isa = PBXFileReference; lastKnownFileType = sourcecode.c.h; path = AWViewController.h; sourceTree = "<group>"; };
		9581B5331A287BCB00DCA4D3 /* AWViewController.m */ = {isa = PBXFileReference; lastKnownFileType = sourcecode.c.objc; path = AWViewController.m; sourceTree = "<group>"; };
		9581B5351A287BCB00DCA4D3 /* Images.xcassets */ = {isa = PBXFileReference; lastKnownFileType = folder.assetcatalog; path = Images.xcassets; sourceTree = "<group>"; };
		9581B5381A287BCB00DCA4D3 /* Base */ = {isa = PBXFileReference; lastKnownFileType = file.storyboard; name = Base; path = Base.lproj/Main.storyboard; sourceTree = "<group>"; };
		9581B53E1A287BCB00DCA4D3 /* aWallTests.xctest */ = {isa = PBXFileReference; explicitFileType = wrapper.cfbundle; includeInIndex = 0; path = aWallTests.xctest; sourceTree = BUILT_PRODUCTS_DIR; };
		9581B5431A287BCB00DCA4D3 /* Info.plist */ = {isa = PBXFileReference; lastKnownFileType = text.plist.xml; path = Info.plist; sourceTree = "<group>"; };
		9581B5441A287BCB00DCA4D3 /* aWallTests.m */ = {isa = PBXFileReference; lastKnownFileType = sourcecode.c.objc; path = aWallTests.m; sourceTree = "<group>"; };
		95BBBEB31A3722C700AB3454 /* IVUDepartureDownloader.h */ = {isa = PBXFileReference; fileEncoding = 4; lastKnownFileType = sourcecode.c.h; path = IVUDepartureDownloader.h; sourceTree = "<group>"; };
		95BBBEB41A3722C700AB3454 /* IVUDepartureDownloader.m */ = {isa = PBXFileReference; fileEncoding = 4; lastKnownFileType = sourcecode.c.objc; path = IVUDepartureDownloader.m; sourceTree = "<group>"; };
		95BBBEB61A3727CE00AB3454 /* IVUDepartureDownloaderDelegate.h */ = {isa = PBXFileReference; lastKnownFileType = sourcecode.c.h; path = IVUDepartureDownloaderDelegate.h; sourceTree = "<group>"; };
		95DA408E1A29005B001D1E20 /* DepartureTimeFormatter.h */ = {isa = PBXFileReference; fileEncoding = 4; lastKnownFileType = sourcecode.c.h; path = DepartureTimeFormatter.h; sourceTree = "<group>"; };
		95DA408F1A29005B001D1E20 /* DepartureTimeFormatter.m */ = {isa = PBXFileReference; fileEncoding = 4; lastKnownFileType = sourcecode.c.objc; path = DepartureTimeFormatter.m; sourceTree = "<group>"; };
		95DA40911A2901C0001D1E20 /* DepartureTimeFormatterTests.m */ = {isa = PBXFileReference; fileEncoding = 4; lastKnownFileType = sourcecode.c.objc; path = DepartureTimeFormatterTests.m; sourceTree = "<group>"; };
		95DA40931A2B403B001D1E20 /* NextDepartureFormatter.h */ = {isa = PBXFileReference; fileEncoding = 4; lastKnownFileType = sourcecode.c.h; path = NextDepartureFormatter.h; sourceTree = "<group>"; };
		95DA40941A2B403B001D1E20 /* NextDepartureFormatter.m */ = {isa = PBXFileReference; fileEncoding = 4; lastKnownFileType = sourcecode.c.objc; path = NextDepartureFormatter.m; sourceTree = "<group>"; };
/* End PBXFileReference section */

/* Begin PBXFrameworksBuildPhase section */
		956A84851A2CF7020034DD06 /* Frameworks */ = {
			isa = PBXFrameworksBuildPhase;
			buildActionMask = 2147483647;
			files = (
			);
			runOnlyForDeploymentPostprocessing = 0;
		};
		956A849A1A2CF7020034DD06 /* Frameworks */ = {
			isa = PBXFrameworksBuildPhase;
			buildActionMask = 2147483647;
			files = (
			);
			runOnlyForDeploymentPostprocessing = 0;
		};
		9581B5251A287BCB00DCA4D3 /* Frameworks */ = {
			isa = PBXFrameworksBuildPhase;
			buildActionMask = 2147483647;
			files = (
			);
			runOnlyForDeploymentPostprocessing = 0;
		};
		9581B53B1A287BCB00DCA4D3 /* Frameworks */ = {
			isa = PBXFrameworksBuildPhase;
			buildActionMask = 2147483647;
			files = (
			);
			runOnlyForDeploymentPostprocessing = 0;
		};
/* End PBXFrameworksBuildPhase section */

/* Begin PBXGroup section */
		956A84891A2CF7020034DD06 /* iSeag MenuIcon */ = {
			isa = PBXGroup;
			children = (
				956A848C1A2CF7020034DD06 /* AppDelegate.h */,
				956A848D1A2CF7020034DD06 /* AppDelegate.m */,
				956A84941A2CF7020034DD06 /* Images.xcassets */,
				956A84961A2CF7020034DD06 /* Main.storyboard */,
				956A848A1A2CF7020034DD06 /* Supporting Files */,
			);
			path = "iSeag MenuIcon";
			sourceTree = "<group>";
		};
		956A848A1A2CF7020034DD06 /* Supporting Files */ = {
			isa = PBXGroup;
			children = (
				956A848B1A2CF7020034DD06 /* Info.plist */,
				956A848F1A2CF7020034DD06 /* main.m */,
			);
			name = "Supporting Files";
			sourceTree = "<group>";
		};
		956A84A01A2CF7020034DD06 /* iSeag MenuIconTests */ = {
			isa = PBXGroup;
			children = (
				956A84A31A2CF7020034DD06 /* iSeag_MenuIconTests.m */,
				956A84A11A2CF7020034DD06 /* Supporting Files */,
			);
			path = "iSeag MenuIconTests";
			sourceTree = "<group>";
		};
		956A84A11A2CF7020034DD06 /* Supporting Files */ = {
			isa = PBXGroup;
			children = (
				956A84A21A2CF7020034DD06 /* Info.plist */,
			);
			name = "Supporting Files";
			sourceTree = "<group>";
		};
		9581B51F1A287BCB00DCA4D3 = {
			isa = PBXGroup;
			children = (
				9581B52A1A287BCB00DCA4D3 /* aWall */,
				9581B5411A287BCB00DCA4D3 /* aWallTests */,
				956A84891A2CF7020034DD06 /* iSeag MenuIcon */,
				956A84A01A2CF7020034DD06 /* iSeag MenuIconTests */,
				9581B5291A287BCB00DCA4D3 /* Products */,
			);
			sourceTree = "<group>";
		};
		9581B5291A287BCB00DCA4D3 /* Products */ = {
			isa = PBXGroup;
			children = (
				9581B5281A287BCB00DCA4D3 /* aWall.app */,
				9581B53E1A287BCB00DCA4D3 /* aWallTests.xctest */,
				956A84881A2CF7020034DD06 /* iSeag MenuIcon.app */,
				956A849D1A2CF7020034DD06 /* iSeag MenuIconTests.xctest */,
			);
			name = Products;
			sourceTree = "<group>";
		};
		9581B52A1A287BCB00DCA4D3 /* aWall */ = {
			isa = PBXGroup;
			children = (
				9581B52D1A287BCB00DCA4D3 /* AppDelegate.h */,
				9581B52E1A287BCB00DCA4D3 /* AppDelegate.m */,
				9581B5321A287BCB00DCA4D3 /* AWViewController.h */,
				9581B5331A287BCB00DCA4D3 /* AWViewController.m */,
				95DA40961A2B41F3001D1E20 /* Formatters */,
				9581B5351A287BCB00DCA4D3 /* Images.xcassets */,
				9581B5371A287BCB00DCA4D3 /* Main.storyboard */,
				9581B52B1A287BCB00DCA4D3 /* Supporting Files */,
				95BBBEB31A3722C700AB3454 /* IVUDepartureDownloader.h */,
				95BBBEB61A3727CE00AB3454 /* IVUDepartureDownloaderDelegate.h */,
				95BBBEB41A3722C700AB3454 /* IVUDepartureDownloader.m */,
			);
			path = aWall;
			sourceTree = "<group>";
		};
		9581B52B1A287BCB00DCA4D3 /* Supporting Files */ = {
			isa = PBXGroup;
			children = (
				9581B52C1A287BCB00DCA4D3 /* Info.plist */,
				9581B5301A287BCB00DCA4D3 /* main.m */,
			);
			name = "Supporting Files";
			sourceTree = "<group>";
		};
		9581B5411A287BCB00DCA4D3 /* aWallTests */ = {
			isa = PBXGroup;
			children = (
				9581B5441A287BCB00DCA4D3 /* aWallTests.m */,
				95DA40911A2901C0001D1E20 /* DepartureTimeFormatterTests.m */,
				9581B5421A287BCB00DCA4D3 /* Supporting Files */,
			);
			path = aWallTests;
			sourceTree = "<group>";
		};
		9581B5421A287BCB00DCA4D3 /* Supporting Files */ = {
			isa = PBXGroup;
			children = (
				9581B5431A287BCB00DCA4D3 /* Info.plist */,
			);
			name = "Supporting Files";
			sourceTree = "<group>";
		};
		95DA40961A2B41F3001D1E20 /* Formatters */ = {
			isa = PBXGroup;
			children = (
				95DA408E1A29005B001D1E20 /* DepartureTimeFormatter.h */,
				95DA408F1A29005B001D1E20 /* DepartureTimeFormatter.m */,
				95DA40931A2B403B001D1E20 /* NextDepartureFormatter.h */,
				95DA40941A2B403B001D1E20 /* NextDepartureFormatter.m */,
			);
			name = Formatters;
			sourceTree = "<group>";
		};
/* End PBXGroup section */

/* Begin PBXNativeTarget section */
		956A84871A2CF7020034DD06 /* iSeag MenuIcon */ = {
			isa = PBXNativeTarget;
			buildConfigurationList = 956A84A91A2CF7020034DD06 /* Build configuration list for PBXNativeTarget "iSeag MenuIcon" */;
			buildPhases = (
				956A84841A2CF7020034DD06 /* Sources */,
				956A84851A2CF7020034DD06 /* Frameworks */,
				956A84861A2CF7020034DD06 /* Resources */,
			);
			buildRules = (
			);
			dependencies = (
			);
			name = "iSeag MenuIcon";
			productName = "iSeag MenuIcon";
			productReference = 956A84881A2CF7020034DD06 /* iSeag MenuIcon.app */;
			productType = "com.apple.product-type.application";
		};
		956A849C1A2CF7020034DD06 /* iSeag MenuIconTests */ = {
			isa = PBXNativeTarget;
			buildConfigurationList = 956A84AA1A2CF7020034DD06 /* Build configuration list for PBXNativeTarget "iSeag MenuIconTests" */;
			buildPhases = (
				956A84991A2CF7020034DD06 /* Sources */,
				956A849A1A2CF7020034DD06 /* Frameworks */,
				956A849B1A2CF7020034DD06 /* Resources */,
			);
			buildRules = (
			);
			dependencies = (
				956A849F1A2CF7020034DD06 /* PBXTargetDependency */,
			);
			name = "iSeag MenuIconTests";
			productName = "iSeag MenuIconTests";
			productReference = 956A849D1A2CF7020034DD06 /* iSeag MenuIconTests.xctest */;
			productType = "com.apple.product-type.bundle.unit-test";
		};
		9581B5271A287BCB00DCA4D3 /* aWall */ = {
			isa = PBXNativeTarget;
			buildConfigurationList = 9581B5481A287BCB00DCA4D3 /* Build configuration list for PBXNativeTarget "aWall" */;
			buildPhases = (
				9581B5241A287BCB00DCA4D3 /* Sources */,
				9581B5251A287BCB00DCA4D3 /* Frameworks */,
				9581B5261A287BCB00DCA4D3 /* Resources */,
			);
			buildRules = (
			);
			dependencies = (
			);
			name = aWall;
			productName = aWall;
			productReference = 9581B5281A287BCB00DCA4D3 /* aWall.app */;
			productType = "com.apple.product-type.application";
		};
		9581B53D1A287BCB00DCA4D3 /* aWallTests */ = {
			isa = PBXNativeTarget;
			buildConfigurationList = 9581B54B1A287BCB00DCA4D3 /* Build configuration list for PBXNativeTarget "aWallTests" */;
			buildPhases = (
				9581B53A1A287BCB00DCA4D3 /* Sources */,
				9581B53B1A287BCB00DCA4D3 /* Frameworks */,
				9581B53C1A287BCB00DCA4D3 /* Resources */,
			);
			buildRules = (
			);
			dependencies = (
				9581B5401A287BCB00DCA4D3 /* PBXTargetDependency */,
			);
			name = aWallTests;
			productName = aWallTests;
			productReference = 9581B53E1A287BCB00DCA4D3 /* aWallTests.xctest */;
			productType = "com.apple.product-type.bundle.unit-test";
		};
/* End PBXNativeTarget section */

/* Begin PBXProject section */
		9581B5201A287BCB00DCA4D3 /* Project object */ = {
			isa = PBXProject;
			attributes = {
				LastUpgradeCheck = 0610;
				ORGANIZATIONNAME = laewahn;
				TargetAttributes = {
					956A84871A2CF7020034DD06 = {
						CreatedOnToolsVersion = 6.1;
					};
					956A849C1A2CF7020034DD06 = {
						CreatedOnToolsVersion = 6.1;
						TestTargetID = 956A84871A2CF7020034DD06;
					};
					9581B5271A287BCB00DCA4D3 = {
						CreatedOnToolsVersion = 6.1;
					};
					9581B53D1A287BCB00DCA4D3 = {
						CreatedOnToolsVersion = 6.1;
						TestTargetID = 9581B5271A287BCB00DCA4D3;
					};
				};
			};
			buildConfigurationList = 9581B5231A287BCB00DCA4D3 /* Build configuration list for PBXProject "aWall" */;
			compatibilityVersion = "Xcode 3.2";
			developmentRegion = English;
			hasScannedForEncodings = 0;
			knownRegions = (
				en,
				Base,
			);
			mainGroup = 9581B51F1A287BCB00DCA4D3;
			productRefGroup = 9581B5291A287BCB00DCA4D3 /* Products */;
			projectDirPath = "";
			projectRoot = "";
			targets = (
				9581B5271A287BCB00DCA4D3 /* aWall */,
				9581B53D1A287BCB00DCA4D3 /* aWallTests */,
				956A84871A2CF7020034DD06 /* iSeag MenuIcon */,
				956A849C1A2CF7020034DD06 /* iSeag MenuIconTests */,
			);
		};
/* End PBXProject section */

/* Begin PBXResourcesBuildPhase section */
		956A84861A2CF7020034DD06 /* Resources */ = {
			isa = PBXResourcesBuildPhase;
			buildActionMask = 2147483647;
			files = (
				956A84951A2CF7020034DD06 /* Images.xcassets in Resources */,
				956A84981A2CF7020034DD06 /* Main.storyboard in Resources */,
			);
			runOnlyForDeploymentPostprocessing = 0;
		};
		956A849B1A2CF7020034DD06 /* Resources */ = {
			isa = PBXResourcesBuildPhase;
			buildActionMask = 2147483647;
			files = (
			);
			runOnlyForDeploymentPostprocessing = 0;
		};
		9581B5261A287BCB00DCA4D3 /* Resources */ = {
			isa = PBXResourcesBuildPhase;
			buildActionMask = 2147483647;
			files = (
				9581B5361A287BCB00DCA4D3 /* Images.xcassets in Resources */,
				9581B5391A287BCB00DCA4D3 /* Main.storyboard in Resources */,
			);
			runOnlyForDeploymentPostprocessing = 0;
		};
		9581B53C1A287BCB00DCA4D3 /* Resources */ = {
			isa = PBXResourcesBuildPhase;
			buildActionMask = 2147483647;
			files = (
			);
			runOnlyForDeploymentPostprocessing = 0;
		};
/* End PBXResourcesBuildPhase section */

/* Begin PBXSourcesBuildPhase section */
		956A84841A2CF7020034DD06 /* Sources */ = {
			isa = PBXSourcesBuildPhase;
			buildActionMask = 2147483647;
			files = (
				956A84901A2CF7020034DD06 /* main.m in Sources */,
				956A848E1A2CF7020034DD06 /* AppDelegate.m in Sources */,
			);
			runOnlyForDeploymentPostprocessing = 0;
		};
		956A84991A2CF7020034DD06 /* Sources */ = {
			isa = PBXSourcesBuildPhase;
			buildActionMask = 2147483647;
			files = (
				956A84A41A2CF7020034DD06 /* iSeag_MenuIconTests.m in Sources */,
			);
			runOnlyForDeploymentPostprocessing = 0;
		};
		9581B5241A287BCB00DCA4D3 /* Sources */ = {
			isa = PBXSourcesBuildPhase;
			buildActionMask = 2147483647;
			files = (
				9581B5341A287BCB00DCA4D3 /* AWViewController.m in Sources */,
				9581B5311A287BCB00DCA4D3 /* main.m in Sources */,
				95DA40901A29005B001D1E20 /* DepartureTimeFormatter.m in Sources */,
				95DA40951A2B403B001D1E20 /* NextDepartureFormatter.m in Sources */,
				95BBBEB51A3722C700AB3454 /* IVUDepartureDownloader.m in Sources */,
				9581B52F1A287BCB00DCA4D3 /* AppDelegate.m in Sources */,
			);
			runOnlyForDeploymentPostprocessing = 0;
		};
		9581B53A1A287BCB00DCA4D3 /* Sources */ = {
			isa = PBXSourcesBuildPhase;
			buildActionMask = 2147483647;
			files = (
				95DA40921A2901C1001D1E20 /* DepartureTimeFormatterTests.m in Sources */,
				9581B5451A287BCB00DCA4D3 /* aWallTests.m in Sources */,
			);
			runOnlyForDeploymentPostprocessing = 0;
		};
/* End PBXSourcesBuildPhase section */

/* Begin PBXTargetDependency section */
		956A849F1A2CF7020034DD06 /* PBXTargetDependency */ = {
			isa = PBXTargetDependency;
			target = 956A84871A2CF7020034DD06 /* iSeag MenuIcon */;
			targetProxy = 956A849E1A2CF7020034DD06 /* PBXContainerItemProxy */;
		};
		9581B5401A287BCB00DCA4D3 /* PBXTargetDependency */ = {
			isa = PBXTargetDependency;
			target = 9581B5271A287BCB00DCA4D3 /* aWall */;
			targetProxy = 9581B53F1A287BCB00DCA4D3 /* PBXContainerItemProxy */;
		};
/* End PBXTargetDependency section */

/* Begin PBXVariantGroup section */
		956A84961A2CF7020034DD06 /* Main.storyboard */ = {
			isa = PBXVariantGroup;
			children = (
				956A84971A2CF7020034DD06 /* Base */,
			);
			name = Main.storyboard;
			sourceTree = "<group>";
		};
		9581B5371A287BCB00DCA4D3 /* Main.storyboard */ = {
			isa = PBXVariantGroup;
			children = (
				9581B5381A287BCB00DCA4D3 /* Base */,
			);
			name = Main.storyboard;
			sourceTree = "<group>";
		};
/* End PBXVariantGroup section */

/* Begin XCBuildConfiguration section */
		956A84A51A2CF7020034DD06 /* Debug */ = {
			isa = XCBuildConfiguration;
			buildSettings = {
				ASSETCATALOG_COMPILER_APPICON_NAME = AppIcon;
				COMBINE_HIDPI_IMAGES = YES;
				GCC_PREPROCESSOR_DEFINITIONS = (
					"DEBUG=1",
					"$(inherited)",
				);
				INFOPLIST_FILE = "iSeag MenuIcon/Info.plist";
				LD_RUNPATH_SEARCH_PATHS = "$(inherited) @executable_path/../Frameworks";
				PRODUCT_NAME = "$(TARGET_NAME)";
			};
			name = Debug;
		};
		956A84A61A2CF7020034DD06 /* Release */ = {
			isa = XCBuildConfiguration;
			buildSettings = {
				ASSETCATALOG_COMPILER_APPICON_NAME = AppIcon;
				COMBINE_HIDPI_IMAGES = YES;
				INFOPLIST_FILE = "iSeag MenuIcon/Info.plist";
				LD_RUNPATH_SEARCH_PATHS = "$(inherited) @executable_path/../Frameworks";
				PRODUCT_NAME = "$(TARGET_NAME)";
			};
			name = Release;
		};
		956A84A71A2CF7020034DD06 /* Debug */ = {
			isa = XCBuildConfiguration;
			buildSettings = {
				BUNDLE_LOADER = "$(TEST_HOST)";
				COMBINE_HIDPI_IMAGES = YES;
				FRAMEWORK_SEARCH_PATHS = (
					"$(DEVELOPER_FRAMEWORKS_DIR)",
					"$(inherited)",
				);
				GCC_PREPROCESSOR_DEFINITIONS = (
					"DEBUG=1",
					"$(inherited)",
				);
				INFOPLIST_FILE = "iSeag MenuIconTests/Info.plist";
				LD_RUNPATH_SEARCH_PATHS = "$(inherited) @executable_path/../Frameworks @loader_path/../Frameworks";
				PRODUCT_NAME = "$(TARGET_NAME)";
				TEST_HOST = "$(BUILT_PRODUCTS_DIR)/iSeag MenuIcon.app/Contents/MacOS/iSeag MenuIcon";
			};
			name = Debug;
		};
		956A84A81A2CF7020034DD06 /* Release */ = {
			isa = XCBuildConfiguration;
			buildSettings = {
				BUNDLE_LOADER = "$(TEST_HOST)";
				COMBINE_HIDPI_IMAGES = YES;
				FRAMEWORK_SEARCH_PATHS = (
					"$(DEVELOPER_FRAMEWORKS_DIR)",
					"$(inherited)",
				);
				INFOPLIST_FILE = "iSeag MenuIconTests/Info.plist";
				LD_RUNPATH_SEARCH_PATHS = "$(inherited) @executable_path/../Frameworks @loader_path/../Frameworks";
				PRODUCT_NAME = "$(TARGET_NAME)";
				TEST_HOST = "$(BUILT_PRODUCTS_DIR)/iSeag MenuIcon.app/Contents/MacOS/iSeag MenuIcon";
			};
			name = Release;
		};
		9581B5461A287BCB00DCA4D3 /* Debug */ = {
			isa = XCBuildConfiguration;
			buildSettings = {
				ALWAYS_SEARCH_USER_PATHS = NO;
				CLANG_CXX_LANGUAGE_STANDARD = "gnu++0x";
				CLANG_CXX_LIBRARY = "libc++";
				CLANG_ENABLE_MODULES = YES;
				CLANG_ENABLE_OBJC_ARC = YES;
				CLANG_WARN_BOOL_CONVERSION = YES;
				CLANG_WARN_CONSTANT_CONVERSION = YES;
				CLANG_WARN_DIRECT_OBJC_ISA_USAGE = YES_ERROR;
				CLANG_WARN_EMPTY_BODY = YES;
				CLANG_WARN_ENUM_CONVERSION = YES;
				CLANG_WARN_INT_CONVERSION = YES;
				CLANG_WARN_OBJC_ROOT_CLASS = YES_ERROR;
				CLANG_WARN_UNREACHABLE_CODE = YES;
				CLANG_WARN__DUPLICATE_METHOD_MATCH = YES;
				CODE_SIGN_IDENTITY = "-";
				COPY_PHASE_STRIP = NO;
				ENABLE_STRICT_OBJC_MSGSEND = YES;
				GCC_C_LANGUAGE_STANDARD = gnu99;
				GCC_DYNAMIC_NO_PIC = NO;
				GCC_OPTIMIZATION_LEVEL = 0;
				GCC_PREPROCESSOR_DEFINITIONS = (
					"DEBUG=1",
					"$(inherited)",
				);
				GCC_SYMBOLS_PRIVATE_EXTERN = NO;
				GCC_WARN_64_TO_32_BIT_CONVERSION = YES;
				GCC_WARN_ABOUT_RETURN_TYPE = YES_ERROR;
				GCC_WARN_UNDECLARED_SELECTOR = YES;
				GCC_WARN_UNINITIALIZED_AUTOS = YES_AGGRESSIVE;
				GCC_WARN_UNUSED_FUNCTION = YES;
				GCC_WARN_UNUSED_VARIABLE = YES;
				MACOSX_DEPLOYMENT_TARGET = 10.10;
				MTL_ENABLE_DEBUG_INFO = YES;
				ONLY_ACTIVE_ARCH = YES;
				SDKROOT = macosx;
			};
			name = Debug;
		};
		9581B5471A287BCB00DCA4D3 /* Release */ = {
			isa = XCBuildConfiguration;
			buildSettings = {
				ALWAYS_SEARCH_USER_PATHS = NO;
				CLANG_CXX_LANGUAGE_STANDARD = "gnu++0x";
				CLANG_CXX_LIBRARY = "libc++";
				CLANG_ENABLE_MODULES = YES;
				CLANG_ENABLE_OBJC_ARC = YES;
				CLANG_WARN_BOOL_CONVERSION = YES;
				CLANG_WARN_CONSTANT_CONVERSION = YES;
				CLANG_WARN_DIRECT_OBJC_ISA_USAGE = YES_ERROR;
				CLANG_WARN_EMPTY_BODY = YES;
				CLANG_WARN_ENUM_CONVERSION = YES;
				CLANG_WARN_INT_CONVERSION = YES;
				CLANG_WARN_OBJC_ROOT_CLASS = YES_ERROR;
				CLANG_WARN_UNREACHABLE_CODE = YES;
				CLANG_WARN__DUPLICATE_METHOD_MATCH = YES;
				CODE_SIGN_IDENTITY = "-";
				COPY_PHASE_STRIP = YES;
				DEBUG_INFORMATION_FORMAT = "dwarf-with-dsym";
				ENABLE_NS_ASSERTIONS = NO;
				ENABLE_STRICT_OBJC_MSGSEND = YES;
				GCC_C_LANGUAGE_STANDARD = gnu99;
				GCC_WARN_64_TO_32_BIT_CONVERSION = YES;
				GCC_WARN_ABOUT_RETURN_TYPE = YES_ERROR;
				GCC_WARN_UNDECLARED_SELECTOR = YES;
				GCC_WARN_UNINITIALIZED_AUTOS = YES_AGGRESSIVE;
				GCC_WARN_UNUSED_FUNCTION = YES;
				GCC_WARN_UNUSED_VARIABLE = YES;
				MACOSX_DEPLOYMENT_TARGET = 10.10;
				MTL_ENABLE_DEBUG_INFO = NO;
				SDKROOT = macosx;
			};
			name = Release;
		};
		9581B5491A287BCB00DCA4D3 /* Debug */ = {
			isa = XCBuildConfiguration;
			buildSettings = {
				ASSETCATALOG_COMPILER_APPICON_NAME = AppIcon;
				COMBINE_HIDPI_IMAGES = YES;
				INFOPLIST_FILE = aWall/Info.plist;
				LD_RUNPATH_SEARCH_PATHS = "$(inherited) @executable_path/../Frameworks";
				PRODUCT_NAME = "$(TARGET_NAME)";
			};
			name = Debug;
		};
		9581B54A1A287BCB00DCA4D3 /* Release */ = {
			isa = XCBuildConfiguration;
			buildSettings = {
				ASSETCATALOG_COMPILER_APPICON_NAME = AppIcon;
				COMBINE_HIDPI_IMAGES = YES;
				INFOPLIST_FILE = aWall/Info.plist;
				LD_RUNPATH_SEARCH_PATHS = "$(inherited) @executable_path/../Frameworks";
				PRODUCT_NAME = "$(TARGET_NAME)";
			};
			name = Release;
		};
		9581B54C1A287BCB00DCA4D3 /* Debug */ = {
			isa = XCBuildConfiguration;
			buildSettings = {
				BUNDLE_LOADER = "$(TEST_HOST)";
				COMBINE_HIDPI_IMAGES = YES;
				FRAMEWORK_SEARCH_PATHS = (
					"$(DEVELOPER_FRAMEWORKS_DIR)",
					"$(inherited)",
				);
				GCC_PREPROCESSOR_DEFINITIONS = (
					"DEBUG=1",
					"$(inherited)",
				);
				INFOPLIST_FILE = aWallTests/Info.plist;
				LD_RUNPATH_SEARCH_PATHS = "$(inherited) @executable_path/../Frameworks @loader_path/../Frameworks";
				PRODUCT_NAME = "$(TARGET_NAME)";
				TEST_HOST = "$(BUILT_PRODUCTS_DIR)/aWall.app/Contents/MacOS/aWall";
			};
			name = Debug;
		};
		9581B54D1A287BCB00DCA4D3 /* Release */ = {
			isa = XCBuildConfiguration;
			buildSettings = {
				BUNDLE_LOADER = "$(TEST_HOST)";
				COMBINE_HIDPI_IMAGES = YES;
				FRAMEWORK_SEARCH_PATHS = (
					"$(DEVELOPER_FRAMEWORKS_DIR)",
					"$(inherited)",
				);
				INFOPLIST_FILE = aWallTests/Info.plist;
				LD_RUNPATH_SEARCH_PATHS = "$(inherited) @executable_path/../Frameworks @loader_path/../Frameworks";
				PRODUCT_NAME = "$(TARGET_NAME)";
				TEST_HOST = "$(BUILT_PRODUCTS_DIR)/aWall.app/Contents/MacOS/aWall";
			};
			name = Release;
		};
/* End XCBuildConfiguration section */

/* Begin XCConfigurationList section */
		956A84A91A2CF7020034DD06 /* Build configuration list for PBXNativeTarget "iSeag MenuIcon" */ = {
			isa = XCConfigurationList;
			buildConfigurations = (
				956A84A51A2CF7020034DD06 /* Debug */,
				956A84A61A2CF7020034DD06 /* Release */,
			);
			defaultConfigurationIsVisible = 0;
			defaultConfigurationName = Release;
		};
		956A84AA1A2CF7020034DD06 /* Build configuration list for PBXNativeTarget "iSeag MenuIconTests" */ = {
			isa = XCConfigurationList;
			buildConfigurations = (
				956A84A71A2CF7020034DD06 /* Debug */,
				956A84A81A2CF7020034DD06 /* Release */,
			);
			defaultConfigurationIsVisible = 0;
			defaultConfigurationName = Release;
		};
		9581B5231A287BCB00DCA4D3 /* Build configuration list for PBXProject "aWall" */ = {
			isa = XCConfigurationList;
			buildConfigurations = (
				9581B5461A287BCB00DCA4D3 /* Debug */,
				9581B5471A287BCB00DCA4D3 /* Release */,
			);
			defaultConfigurationIsVisible = 0;
			defaultConfigurationName = Release;
		};
		9581B5481A287BCB00DCA4D3 /* Build configuration list for PBXNativeTarget "aWall" */ = {
			isa = XCConfigurationList;
			buildConfigurations = (
				9581B5491A287BCB00DCA4D3 /* Debug */,
				9581B54A1A287BCB00DCA4D3 /* Release */,
			);
			defaultConfigurationIsVisible = 0;
			defaultConfigurationName = Release;
		};
		9581B54B1A287BCB00DCA4D3 /* Build configuration list for PBXNativeTarget "aWallTests" */ = {
			isa = XCConfigurationList;
			buildConfigurations = (
				9581B54C1A287BCB00DCA4D3 /* Debug */,
				9581B54D1A287BCB00DCA4D3 /* Release */,
			);
			defaultConfigurationIsVisible = 0;
			defaultConfigurationName = Release;
		};
/* End XCConfigurationList section */
	};
	rootObject = 9581B5201A287BCB00DCA4D3 /* Project object */;
}
